
Microsoft Visual Studio Solution File, Format Version 12.00
# Visual Studio Version 16
VisualStudioVersion = 16.0.30128.74
MinimumVisualStudioVersion = 10.0.40219.1
Project("{FAE04EC0-301F-11D3-BF4B-00C04F79EFBC}") = "WebApp", "WebApp\WebApp.csproj", "{CFA2F286-71AD-40A6-B651-B55ADE9C0CA4}"
EndProject
Project("{FAE04EC0-301F-11D3-BF4B-00C04F79EFBC}") = "BusinessLogic.Tests", "BusinessLogic.Tests\BusinessLogic.Tests.csproj", "{42BABCC6-53F2-4AE1-A95C-8976D1E08781}"
EndProject
Global
	GlobalSection(SolutionConfigurationPlatforms) = preSolution
		Debug|Any CPU = Debug|Any CPU
		Release|Any CPU = Release|Any CPU
	EndGlobalSection
	GlobalSection(ProjectConfigurationPlatforms) = postSolution
		{CFA2F286-71AD-40A6-B651-B55ADE9C0CA4}.Debug|Any CPU.ActiveCfg = Debug|Any CPU
		{CFA2F286-71AD-40A6-B651-B55ADE9C0CA4}.Debug|Any CPU.Build.0 = Debug|Any CPU
		{CFA2F286-71AD-40A6-B651-B55ADE9C0CA4}.Release|Any CPU.ActiveCfg = Release|Any CPU
		{CFA2F286-71AD-40A6-B651-B55ADE9C0CA4}.Release|Any CPU.Build.0 = Release|Any CPU
		{42BABCC6-53F2-4AE1-A95C-8976D1E08781}.Debug|Any CPU.ActiveCfg = Debug|Any CPU
		{42BABCC6-53F2-4AE1-A95C-8976D1E08781}.Debug|Any CPU.Build.0 = Debug|Any CPU
		{42BABCC6-53F2-4AE1-A95C-8976D1E08781}.Release|Any CPU.ActiveCfg = Release|Any CPU
		{42BABCC6-53F2-4AE1-A95C-8976D1E08781}.Release|Any CPU.Build.0 = Release|Any CPU
	EndGlobalSection
	GlobalSection(SolutionProperties) = preSolution
		HideSolutionNode = FALSE
	EndGlobalSection
	GlobalSection(ExtensibilityGlobals) = postSolution
		SolutionGuid = {FA010330-08FE-49E8-A341-E85999CC85CE}
	EndGlobalSection
EndGlobal
